
Microsoft Visual Studio Solution File, Format Version 12.00
# Visual Studio Version 17
VisualStudioVersion = 17.14.36623.8 d17.14
MinimumVisualStudioVersion = 10.0.40219.1
Project("{2150E333-8FDC-42A3-9474-1A3956D46DE8}") = "FrontEnd", "FrontEnd", "{02EA681E-C7D8-13C7-8484-4AC65E1B71E8}"
EndProject
Project("{2150E333-8FDC-42A3-9474-1A3956D46DE8}") = "Gateway", "Gateway", "{41ACFB0C-99AF-4667-A13B-1668A079BA1B}"
EndProject
Project("{2150E333-8FDC-42A3-9474-1A3956D46DE8}") = "Integration", "Integration", "{890624A9-76D9-4F0B-B3D7-3C1CD6AC2566}"
EndProject
Project("{2150E333-8FDC-42A3-9474-1A3956D46DE8}") = "Services", "Services", "{24165890-B40A-427F-BC75-863FD99A6419}"
EndProject
Project("{FAE04EC0-301F-11D3-BF4B-00C04F79EFBC}") = "CodeShop.Services.CouponAPI", "CodeShop.Services.CouponAPI\CodeShop.Services.CouponAPI.csproj", "{4CE80061-6206-49F7-9CBD-04C35D1BD3C3}"
EndProject
Global
	GlobalSection(SolutionConfigurationPlatforms) = preSolution
		Debug|Any CPU = Debug|Any CPU
		Release|Any CPU = Release|Any CPU
	EndGlobalSection
	GlobalSection(ProjectConfigurationPlatforms) = postSolution
		{4CE80061-6206-49F7-9CBD-04C35D1BD3C3}.Debug|Any CPU.ActiveCfg = Debug|Any CPU
		{4CE80061-6206-49F7-9CBD-04C35D1BD3C3}.Debug|Any CPU.Build.0 = Debug|Any CPU
		{4CE80061-6206-49F7-9CBD-04C35D1BD3C3}.Release|Any CPU.ActiveCfg = Release|Any CPU
		{4CE80061-6206-49F7-9CBD-04C35D1BD3C3}.Release|Any CPU.Build.0 = Release|Any CPU
	EndGlobalSection
	GlobalSection(SolutionProperties) = preSolution
		HideSolutionNode = FALSE
	EndGlobalSection
	GlobalSection(NestedProjects) = preSolution
		{4CE80061-6206-49F7-9CBD-04C35D1BD3C3} = {24165890-B40A-427F-BC75-863FD99A6419}
	EndGlobalSection
	GlobalSection(ExtensibilityGlobals) = postSolution
		SolutionGuid = {A735E010-27AA-403D-8517-A88FBD85F288}
	EndGlobalSection
EndGlobal
